
Microsoft Visual Studio Solution File, Format Version 12.00
# Visual Studio Version 16
VisualStudioVersion = 16.0.31624.102
MinimumVisualStudioVersion = 10.0.40219.1
Project("{FAE04EC0-301F-11D3-BF4B-00C04F79EFBC}") = "ElevenNote.WebMVC", "ElevenNote.WebMVC\ElevenNote.WebMVC.csproj", "{BF8FCCAC-B662-4240-A517-DE13A0D0F069}"
EndProject
Project("{FAE04EC0-301F-11D3-BF4B-00C04F79EFBC}") = "ElevenNote.Data", "ElevenNote.Data\ElevenNote.Data.csproj", "{6C1B7741-3452-453A-BC16-3DEC984771C2}"
EndProject
Project("{FAE04EC0-301F-11D3-BF4B-00C04F79EFBC}") = "ElevenNote.Models", "ElevenNote.Models\ElevenNote.Models.csproj", "{D1E440C2-96A6-4321-A2EC-AF86285058ED}"
EndProject
Project("{FAE04EC0-301F-11D3-BF4B-00C04F79EFBC}") = "ElevenNote.Contracts", "ElevenNote.Contracts\ElevenNote.Contracts.csproj", "{7EE367D5-C1CA-4A75-96D7-404D3C15A87C}"
EndProject
Project("{FAE04EC0-301F-11D3-BF4B-00C04F79EFBC}") = "ElevenNote.Tests", "ElevenNote.Tests\ElevenNote.Tests.csproj", "{BC920C09-F244-4E04-BE27-C2536E1E83F3}"
EndProject
Project("{FAE04EC0-301F-11D3-BF4B-00C04F79EFBC}") = "ElevenNote.Services", "ElevenNote.Services\ElevenNote.Services.csproj", "{0006C305-70A1-4236-81FC-6C0021ADAE24}"
EndProject
Global
	GlobalSection(SolutionConfigurationPlatforms) = preSolution
		Debug|Any CPU = Debug|Any CPU
		Release|Any CPU = Release|Any CPU
	EndGlobalSection
	GlobalSection(ProjectConfigurationPlatforms) = postSolution
		{BF8FCCAC-B662-4240-A517-DE13A0D0F069}.Debug|Any CPU.ActiveCfg = Debug|Any CPU
		{BF8FCCAC-B662-4240-A517-DE13A0D0F069}.Debug|Any CPU.Build.0 = Debug|Any CPU
		{BF8FCCAC-B662-4240-A517-DE13A0D0F069}.Release|Any CPU.ActiveCfg = Release|Any CPU
		{BF8FCCAC-B662-4240-A517-DE13A0D0F069}.Release|Any CPU.Build.0 = Release|Any CPU
		{6C1B7741-3452-453A-BC16-3DEC984771C2}.Debug|Any CPU.ActiveCfg = Debug|Any CPU
		{6C1B7741-3452-453A-BC16-3DEC984771C2}.Debug|Any CPU.Build.0 = Debug|Any CPU
		{6C1B7741-3452-453A-BC16-3DEC984771C2}.Release|Any CPU.ActiveCfg = Release|Any CPU
		{6C1B7741-3452-453A-BC16-3DEC984771C2}.Release|Any CPU.Build.0 = Release|Any CPU
		{D1E440C2-96A6-4321-A2EC-AF86285058ED}.Debug|Any CPU.ActiveCfg = Debug|Any CPU
		{D1E440C2-96A6-4321-A2EC-AF86285058ED}.Debug|Any CPU.Build.0 = Debug|Any CPU
		{D1E440C2-96A6-4321-A2EC-AF86285058ED}.Release|Any CPU.ActiveCfg = Release|Any CPU
		{D1E440C2-96A6-4321-A2EC-AF86285058ED}.Release|Any CPU.Build.0 = Release|Any CPU
		{7EE367D5-C1CA-4A75-96D7-404D3C15A87C}.Debug|Any CPU.ActiveCfg = Debug|Any CPU
		{7EE367D5-C1CA-4A75-96D7-404D3C15A87C}.Debug|Any CPU.Build.0 = Debug|Any CPU
		{7EE367D5-C1CA-4A75-96D7-404D3C15A87C}.Release|Any CPU.ActiveCfg = Release|Any CPU
		{7EE367D5-C1CA-4A75-96D7-404D3C15A87C}.Release|Any CPU.Build.0 = Release|Any CPU
		{BC920C09-F244-4E04-BE27-C2536E1E83F3}.Debug|Any CPU.ActiveCfg = Debug|Any CPU
		{BC920C09-F244-4E04-BE27-C2536E1E83F3}.Debug|Any CPU.Build.0 = Debug|Any CPU
		{BC920C09-F244-4E04-BE27-C2536E1E83F3}.Release|Any CPU.ActiveCfg = Release|Any CPU
		{BC920C09-F244-4E04-BE27-C2536E1E83F3}.Release|Any CPU.Build.0 = Release|Any CPU
		{0006C305-70A1-4236-81FC-6C0021ADAE24}.Debug|Any CPU.ActiveCfg = Debug|Any CPU
		{0006C305-70A1-4236-81FC-6C0021ADAE24}.Debug|Any CPU.Build.0 = Debug|Any CPU
		{0006C305-70A1-4236-81FC-6C0021ADAE24}.Release|Any CPU.ActiveCfg = Release|Any CPU
		{0006C305-70A1-4236-81FC-6C0021ADAE24}.Release|Any CPU.Build.0 = Release|Any CPU
	EndGlobalSection
	GlobalSection(SolutionProperties) = preSolution
		HideSolutionNode = FALSE
	EndGlobalSection
	GlobalSection(ExtensibilityGlobals) = postSolution
		SolutionGuid = {401DD452-0385-4AC3-956F-478B781D08F0}
	EndGlobalSection
EndGlobal
